{
  "version": "4",
  "specifiers": {
    "jsr:@brc-dd/iron@^1.2.1": "1.2.1",
    "jsr:@cmd-johnson/oauth2-client@2": "2.0.0",
    "jsr:@gfx/canvas-wasm@~0.4.2": "0.4.2",
    "jsr:@hono/hono@^4.7.4": "4.7.4",
    "jsr:@std/encoding@1.0.5": "1.0.5",
    "jsr:@std/encoding@^1.0.5": "1.0.5"
  },
  "jsr": {
    "@brc-dd/iron@1.2.1": {
      "integrity": "cd867bb6cde71dc7fe6796a3e747328f5227d1f11a272395abc305c4adbea9f1"
    },
    "@cmd-johnson/oauth2-client@2.0.0": {
      "integrity": "e2f2fa6e657db2a39a55f7d19a9e331c317f3ddbb6068aa44947aa247a99125e",
      "dependencies": [
        "jsr:@std/encoding@^1.0.5"
      ]
    },
    "@gfx/canvas-wasm@0.4.2": {
      "integrity": "d653be3bd12cb2fa9bbe5d1b1f041a81b91d80b68502761204aaf60e4592532a",
      "dependencies": [
        "jsr:@std/encoding@1.0.5"
      ]
    },
    "@hono/hono@4.7.4": {
      "integrity": "c03c9cbe0fbfc4e51f3fee6502a7903aa4f9ef7c2c98635607b15eee14258825"
    },
    "@std/encoding@1.0.5": {
      "integrity": "ecf363d4fc25bd85bd915ff6733a7e79b67e0e7806334af15f4645c569fefc04"
    }
  },
  "workspace": {
    "dependencies": [
      "jsr:@brc-dd/iron@^1.2.1",
      "jsr:@cmd-johnson/oauth2-client@2",
      "jsr:@gfx/canvas-wasm@~0.4.2",
      "jsr:@hono/hono@^4.7.4"
    ]
  }
}
